
Microsoft Visual Studio Solution File, Format Version 12.00
# Visual Studio 15
VisualStudioVersion = 15.0.28307.572
MinimumVisualStudioVersion = 10.0.40219.1
Project("{9A19103F-16F7-4668-BE54-9A1E7A4F7556}") = "MLAPP", "MLAPP\MLAPP.csproj", "{77ABBEBA-6B20-4601-AB74-78A54E168250}"
EndProject
Project("{FAE04EC0-301F-11D3-BF4B-00C04F79EFBC}") = "MLAPP.API", "MLAPP.API\MLAPP.API.csproj", "{70FDD31E-793A-44E9-977C-E498E2EBB3E2}"
EndProject
Project("{FAE04EC0-301F-11D3-BF4B-00C04F79EFBC}") = "MLAPP.UI", "MLAPP.UI\MLAPP.UI.csproj", "{33BB41E2-E21E-413F-A273-EC57987E0A42}"
EndProject
Global
	GlobalSection(SolutionConfigurationPlatforms) = preSolution
		Debug|Any CPU = Debug|Any CPU
		Release|Any CPU = Release|Any CPU
	EndGlobalSection
	GlobalSection(ProjectConfigurationPlatforms) = postSolution
		{77ABBEBA-6B20-4601-AB74-78A54E168250}.Debug|Any CPU.ActiveCfg = Debug|Any CPU
		{77ABBEBA-6B20-4601-AB74-78A54E168250}.Debug|Any CPU.Build.0 = Debug|Any CPU
		{77ABBEBA-6B20-4601-AB74-78A54E168250}.Release|Any CPU.ActiveCfg = Release|Any CPU
		{77ABBEBA-6B20-4601-AB74-78A54E168250}.Release|Any CPU.Build.0 = Release|Any CPU
		{70FDD31E-793A-44E9-977C-E498E2EBB3E2}.Debug|Any CPU.ActiveCfg = Debug|Any CPU
		{70FDD31E-793A-44E9-977C-E498E2EBB3E2}.Debug|Any CPU.Build.0 = Debug|Any CPU
		{70FDD31E-793A-44E9-977C-E498E2EBB3E2}.Release|Any CPU.ActiveCfg = Release|Any CPU
		{70FDD31E-793A-44E9-977C-E498E2EBB3E2}.Release|Any CPU.Build.0 = Release|Any CPU
		{33BB41E2-E21E-413F-A273-EC57987E0A42}.Debug|Any CPU.ActiveCfg = Debug|Any CPU
		{33BB41E2-E21E-413F-A273-EC57987E0A42}.Debug|Any CPU.Build.0 = Debug|Any CPU
		{33BB41E2-E21E-413F-A273-EC57987E0A42}.Release|Any CPU.ActiveCfg = Release|Any CPU
		{33BB41E2-E21E-413F-A273-EC57987E0A42}.Release|Any CPU.Build.0 = Release|Any CPU
	EndGlobalSection
	GlobalSection(SolutionProperties) = preSolution
		HideSolutionNode = FALSE
	EndGlobalSection
	GlobalSection(ExtensibilityGlobals) = postSolution
		SolutionGuid = {E10FA9BE-4E8F-42CA-B488-D80DE55FBDBA}
	EndGlobalSection
EndGlobal
